
Microsoft Visual Studio Solution File, Format Version 12.00
# Visual Studio Version 17
VisualStudioVersion = 17.11.35327.3
MinimumVisualStudioVersion = 10.0.40219.1
Project("{FAE04EC0-301F-11D3-BF4B-00C04F79EFBC}") = "BlizzardApp", "BlizzardApp\BlizzardApp.csproj", "{1607A481-2C61-4D77-BBCC-1F193CD2BF66}"
EndProject
Global
	GlobalSection(SolutionConfigurationPlatforms) = preSolution
		Debug|Any CPU = Debug|Any CPU
		Release|Any CPU = Release|Any CPU
	EndGlobalSection
	GlobalSection(ProjectConfigurationPlatforms) = postSolution
		{1607A481-2C61-4D77-BBCC-1F193CD2BF66}.Debug|Any CPU.ActiveCfg = Debug|Any CPU
		{1607A481-2C61-4D77-BBCC-1F193CD2BF66}.Debug|Any CPU.Build.0 = Debug|Any CPU
		{1607A481-2C61-4D77-BBCC-1F193CD2BF66}.Release|Any CPU.ActiveCfg = Release|Any CPU
		{1607A481-2C61-4D77-BBCC-1F193CD2BF66}.Release|Any CPU.Build.0 = Release|Any CPU
	EndGlobalSection
	GlobalSection(SolutionProperties) = preSolution
		HideSolutionNode = FALSE
	EndGlobalSection
	GlobalSection(ExtensibilityGlobals) = postSolution
		SolutionGuid = {05FE0CBE-9644-47BE-9BAB-B44CAF9DA57C}
	EndGlobalSection
EndGlobal
